
Microsoft Visual Studio Solution File, Format Version 12.00
# Visual Studio Version 17
VisualStudioVersion = 17.5.33530.505
MinimumVisualStudioVersion = 10.0.40219.1
Project("{9A19103F-16F7-4668-BE54-9A1E7A4F7556}") = "Task Manager Pro", "Task Manager Pro\Task Manager Pro.csproj", "{A3AF562D-EFB1-4FE4-AE2C-3841C8D31088}"
EndProject
Global
	GlobalSection(SolutionConfigurationPlatforms) = preSolution
		Debug|Any CPU = Debug|Any CPU
		Debug|x64 = Debug|x64
		Debug|x86 = Debug|x86
		Release|Any CPU = Release|Any CPU
		Release|x64 = Release|x64
		Release|x86 = Release|x86
	EndGlobalSection
	GlobalSection(ProjectConfigurationPlatforms) = postSolution
		{A3AF562D-EFB1-4FE4-AE2C-3841C8D31088}.Debug|Any CPU.ActiveCfg = Release|Any CPU
		{A3AF562D-EFB1-4FE4-AE2C-3841C8D31088}.Debug|Any CPU.Build.0 = Release|Any CPU
		{A3AF562D-EFB1-4FE4-AE2C-3841C8D31088}.Debug|x64.ActiveCfg = Debug|x64
		{A3AF562D-EFB1-4FE4-AE2C-3841C8D31088}.Debug|x64.Build.0 = Debug|x64
		{A3AF562D-EFB1-4FE4-AE2C-3841C8D31088}.Debug|x86.ActiveCfg = Debug|x86
		{A3AF562D-EFB1-4FE4-AE2C-3841C8D31088}.Debug|x86.Build.0 = Debug|x86
		{A3AF562D-EFB1-4FE4-AE2C-3841C8D31088}.Release|Any CPU.ActiveCfg = Release|Any CPU
		{A3AF562D-EFB1-4FE4-AE2C-3841C8D31088}.Release|Any CPU.Build.0 = Release|Any CPU
		{A3AF562D-EFB1-4FE4-AE2C-3841C8D31088}.Release|x64.ActiveCfg = Release|x64
		{A3AF562D-EFB1-4FE4-AE2C-3841C8D31088}.Release|x64.Build.0 = Release|x64
		{A3AF562D-EFB1-4FE4-AE2C-3841C8D31088}.Release|x86.ActiveCfg = Release|x64
		{A3AF562D-EFB1-4FE4-AE2C-3841C8D31088}.Release|x86.Build.0 = Release|x64
	EndGlobalSection
	GlobalSection(SolutionProperties) = preSolution
		HideSolutionNode = FALSE
	EndGlobalSection
	GlobalSection(ExtensibilityGlobals) = postSolution
		SolutionGuid = {CE9A2D34-80AB-493D-AFC8-1DBED8CD55A2}
	EndGlobalSection
	GlobalSection(SolutionConfigurationPlatforms) = preSolution
		Debug|Any CPU = Debug|Any CPU
		Debug|Default = Debug|Default
		Debug|x64 = Debug|x64
	EndGlobalSection
	GlobalSection(SolutionConfigurationPlatforms) = preSolution
		Debug|Any CPU = Debug|Any CPU
		Debug|Default = Debug|Default
		Release|Any CPU = Release|Any CPU
		Release|Default = Release|Default
	EndGlobalSection
	GlobalSection(SolutionConfigurationPlatforms) = preSolution
		Debug|Any CPU = Debug|Any CPU
		Debug|x64 = Debug|x64
		Debug|x86 = Debug|x86
		Release|Any CPU = Release|Any CPU
		Release|x64 = Release|x64
		Release|x86 = Release|x86
	EndGlobalSection
EndGlobal
